
Microsoft Visual Studio Solution File, Format Version 12.00
# Visual Studio Version 17
VisualStudioVersion = 17.14.36212.18 d17.14
MinimumVisualStudioVersion = 10.0.40219.1
Project("{FAE04EC0-301F-11D3-BF4B-00C04F79EFBC}") = "Exercise 2 - E-commerce Platform Search Function", "Exercise 2 - E-commerce Platform Search Function.csproj", "{A1DAB8EB-3F73-4977-AFD1-CBF5F45D6126}"
EndProject
Global
	GlobalSection(SolutionConfigurationPlatforms) = preSolution
		Debug|Any CPU = Debug|Any CPU
		Release|Any CPU = Release|Any CPU
	EndGlobalSection
	GlobalSection(ProjectConfigurationPlatforms) = postSolution
		{A1DAB8EB-3F73-4977-AFD1-CBF5F45D6126}.Debug|Any CPU.ActiveCfg = Debug|Any CPU
		{A1DAB8EB-3F73-4977-AFD1-CBF5F45D6126}.Debug|Any CPU.Build.0 = Debug|Any CPU
		{A1DAB8EB-3F73-4977-AFD1-CBF5F45D6126}.Release|Any CPU.ActiveCfg = Release|Any CPU
		{A1DAB8EB-3F73-4977-AFD1-CBF5F45D6126}.Release|Any CPU.Build.0 = Release|Any CPU
	EndGlobalSection
	GlobalSection(SolutionProperties) = preSolution
		HideSolutionNode = FALSE
	EndGlobalSection
	GlobalSection(ExtensibilityGlobals) = postSolution
		SolutionGuid = {E29D0EB6-BE25-45C3-97FC-B94D20878CA1}
	EndGlobalSection
EndGlobal
