
Microsoft Visual Studio Solution File, Format Version 12.00
# Visual Studio Version 17
VisualStudioVersion = 17.14.36212.18 d17.14
MinimumVisualStudioVersion = 10.0.40219.1
Project("{FAE04EC0-301F-11D3-BF4B-00C04F79EFBC}") = "CustomerComm.Tests", "CustomerComm.Tests.csproj", "{9CD0107B-F1B8-424B-991C-6DFFCD2391A7}"
EndProject
Project("{FAE04EC0-301F-11D3-BF4B-00C04F79EFBC}") = "CustomerCommLib", "..\CustomerCommLib\CustomerCommLib.csproj", "{1CFCF9E1-AEFA-7E2C-DB98-0F0C9EEB0326}"
EndProject
Global
	GlobalSection(SolutionConfigurationPlatforms) = preSolution
		Debug|Any CPU = Debug|Any CPU
		Release|Any CPU = Release|Any CPU
	EndGlobalSection
	GlobalSection(ProjectConfigurationPlatforms) = postSolution
		{9CD0107B-F1B8-424B-991C-6DFFCD2391A7}.Debug|Any CPU.ActiveCfg = Debug|Any CPU
		{9CD0107B-F1B8-424B-991C-6DFFCD2391A7}.Debug|Any CPU.Build.0 = Debug|Any CPU
		{9CD0107B-F1B8-424B-991C-6DFFCD2391A7}.Release|Any CPU.ActiveCfg = Release|Any CPU
		{9CD0107B-F1B8-424B-991C-6DFFCD2391A7}.Release|Any CPU.Build.0 = Release|Any CPU
		{1CFCF9E1-AEFA-7E2C-DB98-0F0C9EEB0326}.Debug|Any CPU.ActiveCfg = Debug|Any CPU
		{1CFCF9E1-AEFA-7E2C-DB98-0F0C9EEB0326}.Debug|Any CPU.Build.0 = Debug|Any CPU
		{1CFCF9E1-AEFA-7E2C-DB98-0F0C9EEB0326}.Release|Any CPU.ActiveCfg = Release|Any CPU
		{1CFCF9E1-AEFA-7E2C-DB98-0F0C9EEB0326}.Release|Any CPU.Build.0 = Release|Any CPU
	EndGlobalSection
	GlobalSection(SolutionProperties) = preSolution
		HideSolutionNode = FALSE
	EndGlobalSection
	GlobalSection(ExtensibilityGlobals) = postSolution
		SolutionGuid = {505B3243-A732-414D-8616-95E3AC3774BF}
	EndGlobalSection
EndGlobal
